
Microsoft Visual Studio Solution File, Format Version 12.00
# Visual Studio 15
VisualStudioVersion = 15.0.28010.2026
MinimumVisualStudioVersion = 10.0.40219.1
Project("{9A19103F-16F7-4668-BE54-9A1E7A4F7556}") = "WebAPI", "WebAPI\WebAPI.csproj", "{34631C90-F00D-4ED9-B266-42BD2F8FE8A9}"
EndProject
Project("{FAE04EC0-301F-11D3-BF4B-00C04F79EFBC}") = "DataAccessLayer", "Data Access Layer\DataAccessLayer.csproj", "{1751C77D-BC6D-449E-9CFE-EF32F37E049D}"
EndProject
Project("{FAE04EC0-301F-11D3-BF4B-00C04F79EFBC}") = "BusinessLogicLayer", "Bussiness Logic Layer\BusinessLogicLayer.csproj", "{420ED6C4-274D-47B8-BFC6-5EE57817E408}"
EndProject
Project("{FAE04EC0-301F-11D3-BF4B-00C04F79EFBC}") = "Models", "Models\Models.csproj", "{297D7BAA-77EA-4208-AD06-E7831372155F}"
EndProject
Global
	GlobalSection(SolutionConfigurationPlatforms) = preSolution
		Debug|Any CPU = Debug|Any CPU
		Release|Any CPU = Release|Any CPU
	EndGlobalSection
	GlobalSection(ProjectConfigurationPlatforms) = postSolution
		{34631C90-F00D-4ED9-B266-42BD2F8FE8A9}.Debug|Any CPU.ActiveCfg = Debug|Any CPU
		{34631C90-F00D-4ED9-B266-42BD2F8FE8A9}.Debug|Any CPU.Build.0 = Debug|Any CPU
		{34631C90-F00D-4ED9-B266-42BD2F8FE8A9}.Release|Any CPU.ActiveCfg = Release|Any CPU
		{34631C90-F00D-4ED9-B266-42BD2F8FE8A9}.Release|Any CPU.Build.0 = Release|Any CPU
		{1751C77D-BC6D-449E-9CFE-EF32F37E049D}.Debug|Any CPU.ActiveCfg = Debug|Any CPU
		{1751C77D-BC6D-449E-9CFE-EF32F37E049D}.Debug|Any CPU.Build.0 = Debug|Any CPU
		{1751C77D-BC6D-449E-9CFE-EF32F37E049D}.Release|Any CPU.ActiveCfg = Release|Any CPU
		{1751C77D-BC6D-449E-9CFE-EF32F37E049D}.Release|Any CPU.Build.0 = Release|Any CPU
		{420ED6C4-274D-47B8-BFC6-5EE57817E408}.Debug|Any CPU.ActiveCfg = Debug|Any CPU
		{420ED6C4-274D-47B8-BFC6-5EE57817E408}.Debug|Any CPU.Build.0 = Debug|Any CPU
		{420ED6C4-274D-47B8-BFC6-5EE57817E408}.Release|Any CPU.ActiveCfg = Release|Any CPU
		{420ED6C4-274D-47B8-BFC6-5EE57817E408}.Release|Any CPU.Build.0 = Release|Any CPU
		{297D7BAA-77EA-4208-AD06-E7831372155F}.Debug|Any CPU.ActiveCfg = Debug|Any CPU
		{297D7BAA-77EA-4208-AD06-E7831372155F}.Debug|Any CPU.Build.0 = Debug|Any CPU
		{297D7BAA-77EA-4208-AD06-E7831372155F}.Release|Any CPU.ActiveCfg = Release|Any CPU
		{297D7BAA-77EA-4208-AD06-E7831372155F}.Release|Any CPU.Build.0 = Release|Any CPU
	EndGlobalSection
	GlobalSection(SolutionProperties) = preSolution
		HideSolutionNode = FALSE
	EndGlobalSection
	GlobalSection(ExtensibilityGlobals) = postSolution
		SolutionGuid = {F5F1AF9D-23F6-4B5C-8D35-B333891E3677}
	EndGlobalSection
EndGlobal
